
Microsoft Visual Studio Solution File, Format Version 12.00
# Visual Studio Version 17
VisualStudioVersion = 17.7.34031.279
MinimumVisualStudioVersion = 10.0.40219.1
Project("{8BC9CEB8-8B4A-11D0-8D11-00A0C91BC942}") = "main-project", "main-project\main-project.vcxproj", "{412549C4-3967-4F54-AF0E-0F2FBA344325}"
EndProject
Project("{8BC9CEB8-8B4A-11D0-8D11-00A0C91BC942}") = "UnitTest1", "UnitTest1\UnitTest1.vcxproj", "{7845AD37-6807-40D7-94CE-30AF4DA06FAE}"
EndProject
Project("{8BC9CEB8-8B4A-11D0-8D11-00A0C91BC942}") = "UnitTest2", "UnitTest2\UnitTest2.vcxproj", "{997D427D-B510-4C78-8097-771B3B063B72}"
EndProject
Project("{8BC9CEB8-8B4A-11D0-8D11-00A0C91BC942}") = "UnitTest3", "UnitTest3\UnitTest3.vcxproj", "{628F983D-FE86-46B6-AC5D-89AB74BADC2A}"
EndProject
Global
	GlobalSection(SolutionConfigurationPlatforms) = preSolution
		Debug|x64 = Debug|x64
		Debug|x86 = Debug|x86
		Release|x64 = Release|x64
		Release|x86 = Release|x86
	EndGlobalSection
	GlobalSection(ProjectConfigurationPlatforms) = postSolution
		{412549C4-3967-4F54-AF0E-0F2FBA344325}.Debug|x64.ActiveCfg = Debug|x64
		{412549C4-3967-4F54-AF0E-0F2FBA344325}.Debug|x64.Build.0 = Debug|x64
		{412549C4-3967-4F54-AF0E-0F2FBA344325}.Debug|x86.ActiveCfg = Debug|Win32
		{412549C4-3967-4F54-AF0E-0F2FBA344325}.Debug|x86.Build.0 = Debug|Win32
		{412549C4-3967-4F54-AF0E-0F2FBA344325}.Release|x64.ActiveCfg = Release|x64
		{412549C4-3967-4F54-AF0E-0F2FBA344325}.Release|x64.Build.0 = Release|x64
		{412549C4-3967-4F54-AF0E-0F2FBA344325}.Release|x86.ActiveCfg = Release|Win32
		{412549C4-3967-4F54-AF0E-0F2FBA344325}.Release|x86.Build.0 = Release|Win32
		{7845AD37-6807-40D7-94CE-30AF4DA06FAE}.Debug|x64.ActiveCfg = Debug|x64
		{7845AD37-6807-40D7-94CE-30AF4DA06FAE}.Debug|x64.Build.0 = Debug|x64
		{7845AD37-6807-40D7-94CE-30AF4DA06FAE}.Debug|x86.ActiveCfg = Debug|Win32
		{7845AD37-6807-40D7-94CE-30AF4DA06FAE}.Debug|x86.Build.0 = Debug|Win32
		{7845AD37-6807-40D7-94CE-30AF4DA06FAE}.Release|x64.ActiveCfg = Release|x64
		{7845AD37-6807-40D7-94CE-30AF4DA06FAE}.Release|x64.Build.0 = Release|x64
		{7845AD37-6807-40D7-94CE-30AF4DA06FAE}.Release|x86.ActiveCfg = Release|Win32
		{7845AD37-6807-40D7-94CE-30AF4DA06FAE}.Release|x86.Build.0 = Release|Win32
		{997D427D-B510-4C78-8097-771B3B063B72}.Debug|x64.ActiveCfg = Debug|x64
		{997D427D-B510-4C78-8097-771B3B063B72}.Debug|x64.Build.0 = Debug|x64
		{997D427D-B510-4C78-8097-771B3B063B72}.Debug|x86.ActiveCfg = Debug|Win32
		{997D427D-B510-4C78-8097-771B3B063B72}.Debug|x86.Build.0 = Debug|Win32
		{997D427D-B510-4C78-8097-771B3B063B72}.Release|x64.ActiveCfg = Release|x64
		{997D427D-B510-4C78-8097-771B3B063B72}.Release|x64.Build.0 = Release|x64
		{997D427D-B510-4C78-8097-771B3B063B72}.Release|x86.ActiveCfg = Release|Win32
		{997D427D-B510-4C78-8097-771B3B063B72}.Release|x86.Build.0 = Release|Win32
		{628F983D-FE86-46B6-AC5D-89AB74BADC2A}.Debug|x64.ActiveCfg = Debug|x64
		{628F983D-FE86-46B6-AC5D-89AB74BADC2A}.Debug|x64.Build.0 = Debug|x64
		{628F983D-FE86-46B6-AC5D-89AB74BADC2A}.Debug|x86.ActiveCfg = Debug|Win32
		{628F983D-FE86-46B6-AC5D-89AB74BADC2A}.Debug|x86.Build.0 = Debug|Win32
		{628F983D-FE86-46B6-AC5D-89AB74BADC2A}.Release|x64.ActiveCfg = Release|x64
		{628F983D-FE86-46B6-AC5D-89AB74BADC2A}.Release|x64.Build.0 = Release|x64
		{628F983D-FE86-46B6-AC5D-89AB74BADC2A}.Release|x86.ActiveCfg = Release|Win32
		{628F983D-FE86-46B6-AC5D-89AB74BADC2A}.Release|x86.Build.0 = Release|Win32
	EndGlobalSection
	GlobalSection(SolutionProperties) = preSolution
		HideSolutionNode = FALSE
	EndGlobalSection
	GlobalSection(ExtensibilityGlobals) = postSolution
		SolutionGuid = {B4664D46-91B5-447B-BF63-47BC742DD3C8}
	EndGlobalSection
EndGlobal
